
Microsoft Visual Studio Solution File, Format Version 12.00
# Visual Studio Version 16
VisualStudioVersion = 16.0.30204.135
MinimumVisualStudioVersion = 10.0.40219.1
Project("{9A19103F-16F7-4668-BE54-9A1E7A4F7556}") = "RuHuaLibrary", "RuHuaLibrary\RuHuaLibrary.csproj", "{2E248DC9-A49C-4176-B99A-39317B1842EF}"
EndProject
Project("{9A19103F-16F7-4668-BE54-9A1E7A4F7556}") = "RuHuaLineBotApi", "RuHuaLineBotApi\RuHuaLineBotApi.csproj", "{A220D54C-CBDD-4187-AA5C-A20183FD3EA9}"
EndProject
Project("{9A19103F-16F7-4668-BE54-9A1E7A4F7556}") = "RuHuaTest", "RuHuaTest\RuHuaTest.csproj", "{D589E2BD-D0C4-4D6A-B1F9-E62B3973575B}"
EndProject
Global
	GlobalSection(SolutionConfigurationPlatforms) = preSolution
		Debug|Any CPU = Debug|Any CPU
		Release|Any CPU = Release|Any CPU
	EndGlobalSection
	GlobalSection(ProjectConfigurationPlatforms) = postSolution
		{2E248DC9-A49C-4176-B99A-39317B1842EF}.Debug|Any CPU.ActiveCfg = Debug|Any CPU
		{2E248DC9-A49C-4176-B99A-39317B1842EF}.Debug|Any CPU.Build.0 = Debug|Any CPU
		{2E248DC9-A49C-4176-B99A-39317B1842EF}.Release|Any CPU.ActiveCfg = Release|Any CPU
		{2E248DC9-A49C-4176-B99A-39317B1842EF}.Release|Any CPU.Build.0 = Release|Any CPU
		{A220D54C-CBDD-4187-AA5C-A20183FD3EA9}.Debug|Any CPU.ActiveCfg = Debug|Any CPU
		{A220D54C-CBDD-4187-AA5C-A20183FD3EA9}.Debug|Any CPU.Build.0 = Debug|Any CPU
		{A220D54C-CBDD-4187-AA5C-A20183FD3EA9}.Release|Any CPU.ActiveCfg = Release|Any CPU
		{A220D54C-CBDD-4187-AA5C-A20183FD3EA9}.Release|Any CPU.Build.0 = Release|Any CPU
		{D589E2BD-D0C4-4D6A-B1F9-E62B3973575B}.Debug|Any CPU.ActiveCfg = Debug|Any CPU
		{D589E2BD-D0C4-4D6A-B1F9-E62B3973575B}.Debug|Any CPU.Build.0 = Debug|Any CPU
		{D589E2BD-D0C4-4D6A-B1F9-E62B3973575B}.Release|Any CPU.ActiveCfg = Release|Any CPU
		{D589E2BD-D0C4-4D6A-B1F9-E62B3973575B}.Release|Any CPU.Build.0 = Release|Any CPU
	EndGlobalSection
	GlobalSection(SolutionProperties) = preSolution
		HideSolutionNode = FALSE
	EndGlobalSection
	GlobalSection(ExtensibilityGlobals) = postSolution
		SolutionGuid = {F945ABAC-F820-4DDC-9868-8E14EB1A7D31}
	EndGlobalSection
EndGlobal
